<Solution>
  <Project Path="Assembly-CSharp.csproj" />
  <Project Path="Biomes.csproj" />
  <Project Path="MeshGeneration.csproj" />
  <Project Path="Spawners.csproj" />
  <Project Path="Managers.csproj" />
  <Project Path="NoiseGeneration.csproj" />
  <Project Path="Chunks.csproj" />
  <Project Path="Shared.csproj" />
</Solution>
